
Microsoft Visual Studio Solution File, Format Version 12.00
# Visual Studio 15
VisualStudioVersion = 15.0.28010.2046
MinimumVisualStudioVersion = 10.0.40219.1
Project("{FAE04EC0-301F-11D3-BF4B-00C04F79EFBC}") = "NewsManagementDotNetCoreApp", "NewsManagementDotNetCoreApp\NewsManagementDotNetCoreApp.csproj", "{892D3761-4874-4A27-A843-2002E1B5493E}"
EndProject
Global
	GlobalSection(SolutionConfigurationPlatforms) = preSolution
		Debug|Any CPU = Debug|Any CPU
		Release|Any CPU = Release|Any CPU
	EndGlobalSection
	GlobalSection(ProjectConfigurationPlatforms) = postSolution
		{892D3761-4874-4A27-A843-2002E1B5493E}.Debug|Any CPU.ActiveCfg = Debug|Any CPU
		{892D3761-4874-4A27-A843-2002E1B5493E}.Debug|Any CPU.Build.0 = Debug|Any CPU
		{892D3761-4874-4A27-A843-2002E1B5493E}.Release|Any CPU.ActiveCfg = Release|Any CPU
		{892D3761-4874-4A27-A843-2002E1B5493E}.Release|Any CPU.Build.0 = Release|Any CPU
	EndGlobalSection
	GlobalSection(SolutionProperties) = preSolution
		HideSolutionNode = FALSE
	EndGlobalSection
	GlobalSection(ExtensibilityGlobals) = postSolution
		SolutionGuid = {41A1633F-9C53-4827-83C7-2802AFAD05EA}
	EndGlobalSection
EndGlobal
